<Solution>
  <Folder Name="/Solution Items/">
    <File Path="Package Resource Index File Format.md" />
    <File Path="README.md" />
  </Folder>
  <Project Path="PRIExplorer/PRIExplorer.csproj" />
  <Project Path="PriFormat/PriFormat.csproj" />
  <Project Path="PriInfo/PriInfo.csproj" />
  <Project Path="PriTest/PriTest.csproj" />
  <Project Path="XbfTools/XbfFormat/XbfFormat.csproj" />
</Solution>
